
Microsoft Visual Studio Solution File, Format Version 12.00
# Visual Studio 15
VisualStudioVersion = 15.0.27703.2035
MinimumVisualStudioVersion = 10.0.40219.1
Project("{9A19103F-16F7-4668-BE54-9A1E7A4F7556}") = "PrismWithRealm", "PrismWithRealm\PrismWithRealm\PrismWithRealm.csproj", "{72CB1EAA-D840-4137-ACB0-D02A59CBF76D}"
EndProject
Project("{FAE04EC0-301F-11D3-BF4B-00C04F79EFBC}") = "PrismWithRealm.Android", "PrismWithRealm\PrismWithRealm.Android\PrismWithRealm.Android.csproj", "{684C49EE-E0FF-427D-BB86-0832ECC2AF98}"
EndProject
Project("{FAE04EC0-301F-11D3-BF4B-00C04F79EFBC}") = "PrismWithRealm.iOS", "PrismWithRealm\PrismWithRealm.iOS\PrismWithRealm.iOS.csproj", "{3CAFE861-BB54-468F-9911-962A98FD0ED1}"
EndProject
Project("{FAE04EC0-301F-11D3-BF4B-00C04F79EFBC}") = "PrismWithRealm.UWP", "PrismWithRealm\PrismWithRealm.UWP\PrismWithRealm.UWP.csproj", "{4AA5AF60-E9C0-40CA-B41A-61A9CFF0719F}"
EndProject
Project("{2150E333-8FDC-42A3-9474-1A3956D46DE8}") = "Common", "Common", "{CC802D92-38E7-4D3D-B68F-0596EB6EFB53}"
EndProject
Project("{FAE04EC0-301F-11D3-BF4B-00C04F79EFBC}") = "PrismWithRealm.Common", "PrismWithRealm.Common\PrismWithRealm.Common.csproj", "{F3A46572-7E16-4954-9781-D9502E4D4C82}"
EndProject
Project("{2150E333-8FDC-42A3-9474-1A3956D46DE8}") = "Bundles", "Bundles", "{448ED320-21C0-4B42-842C-16E21A6F39DE}"
EndProject
Project("{2150E333-8FDC-42A3-9474-1A3956D46DE8}") = "Domains", "Domains", "{59EE3516-9F4A-4FBB-8DB5-B1AC7234EAA2}"
EndProject
Project("{FAE04EC0-301F-11D3-BF4B-00C04F79EFBC}") = "PrismWithRealm.Bundles.Interventions", "PrismWithRealm.Bundles.Interventions\PrismWithRealm.Bundles.Interventions.csproj", "{F0E9293C-FBF1-404D-9632-3A73F10277DF}"
EndProject
Project("{FAE04EC0-301F-11D3-BF4B-00C04F79EFBC}") = "PrismWithRealm.Domains.Interventions", "PrismWithRealm.Domains.Interventions\PrismWithRealm.Domains.Interventions.csproj", "{B423D685-4D9B-4865-9A47-FF031410EF71}"
EndProject
Global
	GlobalSection(SolutionConfigurationPlatforms) = preSolution
		Ad-Hoc|Any CPU = Ad-Hoc|Any CPU
		Ad-Hoc|ARM = Ad-Hoc|ARM
		Ad-Hoc|iPhone = Ad-Hoc|iPhone
		Ad-Hoc|iPhoneSimulator = Ad-Hoc|iPhoneSimulator
		Ad-Hoc|x64 = Ad-Hoc|x64
		Ad-Hoc|x86 = Ad-Hoc|x86
		AppStore|Any CPU = AppStore|Any CPU
		AppStore|ARM = AppStore|ARM
		AppStore|iPhone = AppStore|iPhone
		AppStore|iPhoneSimulator = AppStore|iPhoneSimulator
		AppStore|x64 = AppStore|x64
		AppStore|x86 = AppStore|x86
		Debug|Any CPU = Debug|Any CPU
		Debug|ARM = Debug|ARM
		Debug|iPhone = Debug|iPhone
		Debug|iPhoneSimulator = Debug|iPhoneSimulator
		Debug|x64 = Debug|x64
		Debug|x86 = Debug|x86
		Release|Any CPU = Release|Any CPU
		Release|ARM = Release|ARM
		Release|iPhone = Release|iPhone
		Release|iPhoneSimulator = Release|iPhoneSimulator
		Release|x64 = Release|x64
		Release|x86 = Release|x86
	EndGlobalSection
	GlobalSection(ProjectConfigurationPlatforms) = postSolution
		{72CB1EAA-D840-4137-ACB0-D02A59CBF76D}.Ad-Hoc|Any CPU.ActiveCfg = Debug|Any CPU
		{72CB1EAA-D840-4137-ACB0-D02A59CBF76D}.Ad-Hoc|Any CPU.Build.0 = Debug|Any CPU
		{72CB1EAA-D840-4137-ACB0-D02A59CBF76D}.Ad-Hoc|ARM.ActiveCfg = Debug|Any CPU
		{72CB1EAA-D840-4137-ACB0-D02A59CBF76D}.Ad-Hoc|ARM.Build.0 = Debug|Any CPU
		{72CB1EAA-D840-4137-ACB0-D02A59CBF76D}.Ad-Hoc|iPhone.ActiveCfg = Debug|Any CPU
		{72CB1EAA-D840-4137-ACB0-D02A59CBF76D}.Ad-Hoc|iPhone.Build.0 = Debug|Any CPU
		{72CB1EAA-D840-4137-ACB0-D02A59CBF76D}.Ad-Hoc|iPhoneSimulator.ActiveCfg = Debug|Any CPU
		{72CB1EAA-D840-4137-ACB0-D02A59CBF76D}.Ad-Hoc|iPhoneSimulator.Build.0 = Debug|Any CPU
		{72CB1EAA-D840-4137-ACB0-D02A59CBF76D}.Ad-Hoc|x64.ActiveCfg = Debug|Any CPU
		{72CB1EAA-D840-4137-ACB0-D02A59CBF76D}.Ad-Hoc|x64.Build.0 = Debug|Any CPU
		{72CB1EAA-D840-4137-ACB0-D02A59CBF76D}.Ad-Hoc|x86.ActiveCfg = Debug|Any CPU
		{72CB1EAA-D840-4137-ACB0-D02A59CBF76D}.Ad-Hoc|x86.Build.0 = Debug|Any CPU
		{72CB1EAA-D840-4137-ACB0-D02A59CBF76D}.AppStore|Any CPU.ActiveCfg = Debug|Any CPU
		{72CB1EAA-D840-4137-ACB0-D02A59CBF76D}.AppStore|Any CPU.Build.0 = Debug|Any CPU
		{72CB1EAA-D840-4137-ACB0-D02A59CBF76D}.AppStore|ARM.ActiveCfg = Debug|Any CPU
		{72CB1EAA-D840-4137-ACB0-D02A59CBF76D}.AppStore|ARM.Build.0 = Debug|Any CPU
		{72CB1EAA-D840-4137-ACB0-D02A59CBF76D}.AppStore|iPhone.ActiveCfg = Debug|Any CPU
		{72CB1EAA-D840-4137-ACB0-D02A59CBF76D}.AppStore|iPhone.Build.0 = Debug|Any CPU
		{72CB1EAA-D840-4137-ACB0-D02A59CBF76D}.AppStore|iPhoneSimulator.ActiveCfg = Debug|Any CPU
		{72CB1EAA-D840-4137-ACB0-D02A59CBF76D}.AppStore|iPhoneSimulator.Build.0 = Debug|Any CPU
		{72CB1EAA-D840-4137-ACB0-D02A59CBF76D}.AppStore|x64.ActiveCfg = Debug|Any CPU
		{72CB1EAA-D840-4137-ACB0-D02A59CBF76D}.AppStore|x64.Build.0 = Debug|Any CPU
		{72CB1EAA-D840-4137-ACB0-D02A59CBF76D}.AppStore|x86.ActiveCfg = Debug|Any CPU
		{72CB1EAA-D840-4137-ACB0-D02A59CBF76D}.AppStore|x86.Build.0 = Debug|Any CPU
		{72CB1EAA-D840-4137-ACB0-D02A59CBF76D}.Debug|Any CPU.ActiveCfg = Debug|Any CPU
		{72CB1EAA-D840-4137-ACB0-D02A59CBF76D}.Debug|Any CPU.Build.0 = Debug|Any CPU
		{72CB1EAA-D840-4137-ACB0-D02A59CBF76D}.Debug|ARM.ActiveCfg = Debug|Any CPU
		{72CB1EAA-D840-4137-ACB0-D02A59CBF76D}.Debug|ARM.Build.0 = Debug|Any CPU
		{72CB1EAA-D840-4137-ACB0-D02A59CBF76D}.Debug|iPhone.ActiveCfg = Debug|Any CPU
		{72CB1EAA-D840-4137-ACB0-D02A59CBF76D}.Debug|iPhone.Build.0 = Debug|Any CPU
		{72CB1EAA-D840-4137-ACB0-D02A59CBF76D}.Debug|iPhoneSimulator.ActiveCfg = Debug|Any CPU
		{72CB1EAA-D840-4137-ACB0-D02A59CBF76D}.Debug|iPhoneSimulator.Build.0 = Debug|Any CPU
		{72CB1EAA-D840-4137-ACB0-D02A59CBF76D}.Debug|x64.ActiveCfg = Debug|Any CPU
		{72CB1EAA-D840-4137-ACB0-D02A59CBF76D}.Debug|x64.Build.0 = Debug|Any CPU
		{72CB1EAA-D840-4137-ACB0-D02A59CBF76D}.Debug|x86.ActiveCfg = Debug|Any CPU
		{72CB1EAA-D840-4137-ACB0-D02A59CBF76D}.Debug|x86.Build.0 = Debug|Any CPU
		{72CB1EAA-D840-4137-ACB0-D02A59CBF76D}.Release|Any CPU.ActiveCfg = Release|Any CPU
		{72CB1EAA-D840-4137-ACB0-D02A59CBF76D}.Release|Any CPU.Build.0 = Release|Any CPU
		{72CB1EAA-D840-4137-ACB0-D02A59CBF76D}.Release|ARM.ActiveCfg = Release|Any CPU
		{72CB1EAA-D840-4137-ACB0-D02A59CBF76D}.Release|ARM.Build.0 = Release|Any CPU
		{72CB1EAA-D840-4137-ACB0-D02A59CBF76D}.Release|iPhone.ActiveCfg = Release|Any CPU
		{72CB1EAA-D840-4137-ACB0-D02A59CBF76D}.Release|iPhone.Build.0 = Release|Any CPU
		{72CB1EAA-D840-4137-ACB0-D02A59CBF76D}.Release|iPhoneSimulator.ActiveCfg = Release|Any CPU
		{72CB1EAA-D840-4137-ACB0-D02A59CBF76D}.Release|iPhoneSimulator.Build.0 = Release|Any CPU
		{72CB1EAA-D840-4137-ACB0-D02A59CBF76D}.Release|x64.ActiveCfg = Release|Any CPU
		{72CB1EAA-D840-4137-ACB0-D02A59CBF76D}.Release|x64.Build.0 = Release|Any CPU
		{72CB1EAA-D840-4137-ACB0-D02A59CBF76D}.Release|x86.ActiveCfg = Release|Any CPU
		{72CB1EAA-D840-4137-ACB0-D02A59CBF76D}.Release|x86.Build.0 = Release|Any CPU
		{684C49EE-E0FF-427D-BB86-0832ECC2AF98}.Ad-Hoc|Any CPU.ActiveCfg = Release|Any CPU
		{684C49EE-E0FF-427D-BB86-0832ECC2AF98}.Ad-Hoc|Any CPU.Build.0 = Release|Any CPU
		{684C49EE-E0FF-427D-BB86-0832ECC2AF98}.Ad-Hoc|Any CPU.Deploy.0 = Release|Any CPU
		{684C49EE-E0FF-427D-BB86-0832ECC2AF98}.Ad-Hoc|ARM.ActiveCfg = Release|Any CPU
		{684C49EE-E0FF-427D-BB86-0832ECC2AF98}.Ad-Hoc|ARM.Build.0 = Release|Any CPU
		{684C49EE-E0FF-427D-BB86-0832ECC2AF98}.Ad-Hoc|ARM.Deploy.0 = Release|Any CPU
		{684C49EE-E0FF-427D-BB86-0832ECC2AF98}.Ad-Hoc|iPhone.ActiveCfg = Release|Any CPU
		{684C49EE-E0FF-427D-BB86-0832ECC2AF98}.Ad-Hoc|iPhone.Build.0 = Release|Any CPU
		{684C49EE-E0FF-427D-BB86-0832ECC2AF98}.Ad-Hoc|iPhone.Deploy.0 = Release|Any CPU
		{684C49EE-E0FF-427D-BB86-0832ECC2AF98}.Ad-Hoc|iPhoneSimulator.ActiveCfg = Release|Any CPU
		{684C49EE-E0FF-427D-BB86-0832ECC2AF98}.Ad-Hoc|iPhoneSimulator.Build.0 = Release|Any CPU
		{684C49EE-E0FF-427D-BB86-0832ECC2AF98}.Ad-Hoc|iPhoneSimulator.Deploy.0 = Release|Any CPU
		{684C49EE-E0FF-427D-BB86-0832ECC2AF98}.Ad-Hoc|x64.ActiveCfg = Release|Any CPU
		{684C49EE-E0FF-427D-BB86-0832ECC2AF98}.Ad-Hoc|x64.Build.0 = Release|Any CPU
		{684C49EE-E0FF-427D-BB86-0832ECC2AF98}.Ad-Hoc|x64.Deploy.0 = Release|Any CPU
		{684C49EE-E0FF-427D-BB86-0832ECC2AF98}.Ad-Hoc|x86.ActiveCfg = Release|Any CPU
		{684C49EE-E0FF-427D-BB86-0832ECC2AF98}.Ad-Hoc|x86.Build.0 = Release|Any CPU
		{684C49EE-E0FF-427D-BB86-0832ECC2AF98}.Ad-Hoc|x86.Deploy.0 = Release|Any CPU
		{684C49EE-E0FF-427D-BB86-0832ECC2AF98}.AppStore|Any CPU.ActiveCfg = Release|Any CPU
		{684C49EE-E0FF-427D-BB86-0832ECC2AF98}.AppStore|Any CPU.Build.0 = Release|Any CPU
		{684C49EE-E0FF-427D-BB86-0832ECC2AF98}.AppStore|Any CPU.Deploy.0 = Release|Any CPU
		{684C49EE-E0FF-427D-BB86-0832ECC2AF98}.AppStore|ARM.ActiveCfg = Release|Any CPU
		{684C49EE-E0FF-427D-BB86-0832ECC2AF98}.AppStore|ARM.Build.0 = Release|Any CPU
		{684C49EE-E0FF-427D-BB86-0832ECC2AF98}.AppStore|ARM.Deploy.0 = Release|Any CPU
		{684C49EE-E0FF-427D-BB86-0832ECC2AF98}.AppStore|iPhone.ActiveCfg = Release|Any CPU
		{684C49EE-E0FF-427D-BB86-0832ECC2AF98}.AppStore|iPhone.Build.0 = Release|Any CPU
		{684C49EE-E0FF-427D-BB86-0832ECC2AF98}.AppStore|iPhone.Deploy.0 = Release|Any CPU
		{684C49EE-E0FF-427D-BB86-0832ECC2AF98}.AppStore|iPhoneSimulator.ActiveCfg = Release|Any CPU
		{684C49EE-E0FF-427D-BB86-0832ECC2AF98}.AppStore|iPhoneSimulator.Build.0 = Release|Any CPU
		{684C49EE-E0FF-427D-BB86-0832ECC2AF98}.AppStore|iPhoneSimulator.Deploy.0 = Release|Any CPU
		{684C49EE-E0FF-427D-BB86-0832ECC2AF98}.AppStore|x64.ActiveCfg = Release|Any CPU
		{684C49EE-E0FF-427D-BB86-0832ECC2AF98}.AppStore|x64.Build.0 = Release|Any CPU
		{684C49EE-E0FF-427D-BB86-0832ECC2AF98}.AppStore|x64.Deploy.0 = Release|Any CPU
		{684C49EE-E0FF-427D-BB86-0832ECC2AF98}.AppStore|x86.ActiveCfg = Release|Any CPU
		{684C49EE-E0FF-427D-BB86-0832ECC2AF98}.AppStore|x86.Build.0 = Release|Any CPU
		{684C49EE-E0FF-427D-BB86-0832ECC2AF98}.AppStore|x86.Deploy.0 = Release|Any CPU
		{684C49EE-E0FF-427D-BB86-0832ECC2AF98}.Debug|Any CPU.ActiveCfg = Debug|Any CPU
		{684C49EE-E0FF-427D-BB86-0832ECC2AF98}.Debug|Any CPU.Build.0 = Debug|Any CPU
		{684C49EE-E0FF-427D-BB86-0832ECC2AF98}.Debug|Any CPU.Deploy.0 = Debug|Any CPU
		{684C49EE-E0FF-427D-BB86-0832ECC2AF98}.Debug|ARM.ActiveCfg = Debug|Any CPU
		{684C49EE-E0FF-427D-BB86-0832ECC2AF98}.Debug|ARM.Build.0 = Debug|Any CPU
		{684C49EE-E0FF-427D-BB86-0832ECC2AF98}.Debug|ARM.Deploy.0 = Debug|Any CPU
		{684C49EE-E0FF-427D-BB86-0832ECC2AF98}.Debug|iPhone.ActiveCfg = Debug|Any CPU
		{684C49EE-E0FF-427D-BB86-0832ECC2AF98}.Debug|iPhone.Build.0 = Debug|Any CPU
		{684C49EE-E0FF-427D-BB86-0832ECC2AF98}.Debug|iPhone.Deploy.0 = Debug|Any CPU
		{684C49EE-E0FF-427D-BB86-0832ECC2AF98}.Debug|iPhoneSimulator.ActiveCfg = Debug|Any CPU
		{684C49EE-E0FF-427D-BB86-0832ECC2AF98}.Debug|iPhoneSimulator.Build.0 = Debug|Any CPU
		{684C49EE-E0FF-427D-BB86-0832ECC2AF98}.Debug|iPhoneSimulator.Deploy.0 = Debug|Any CPU
		{684C49EE-E0FF-427D-BB86-0832ECC2AF98}.Debug|x64.ActiveCfg = Debug|Any CPU
		{684C49EE-E0FF-427D-BB86-0832ECC2AF98}.Debug|x64.Build.0 = Debug|Any CPU
		{684C49EE-E0FF-427D-BB86-0832ECC2AF98}.Debug|x64.Deploy.0 = Debug|Any CPU
		{684C49EE-E0FF-427D-BB86-0832ECC2AF98}.Debug|x86.ActiveCfg = Debug|Any CPU
		{684C49EE-E0FF-427D-BB86-0832ECC2AF98}.Debug|x86.Build.0 = Debug|Any CPU
		{684C49EE-E0FF-427D-BB86-0832ECC2AF98}.Debug|x86.Deploy.0 = Debug|Any CPU
		{684C49EE-E0FF-427D-BB86-0832ECC2AF98}.Release|Any CPU.ActiveCfg = Release|Any CPU
		{684C49EE-E0FF-427D-BB86-0832ECC2AF98}.Release|Any CPU.Build.0 = Release|Any CPU
		{684C49EE-E0FF-427D-BB86-0832ECC2AF98}.Release|Any CPU.Deploy.0 = Release|Any CPU
		{684C49EE-E0FF-427D-BB86-0832ECC2AF98}.Release|ARM.ActiveCfg = Release|Any CPU
		{684C49EE-E0FF-427D-BB86-0832ECC2AF98}.Release|ARM.Build.0 = Release|Any CPU
		{684C49EE-E0FF-427D-BB86-0832ECC2AF98}.Release|ARM.Deploy.0 = Release|Any CPU
		{684C49EE-E0FF-427D-BB86-0832ECC2AF98}.Release|iPhone.ActiveCfg = Release|Any CPU
		{684C49EE-E0FF-427D-BB86-0832ECC2AF98}.Release|iPhone.Build.0 = Release|Any CPU
		{684C49EE-E0FF-427D-BB86-0832ECC2AF98}.Release|iPhone.Deploy.0 = Release|Any CPU
		{684C49EE-E0FF-427D-BB86-0832ECC2AF98}.Release|iPhoneSimulator.ActiveCfg = Release|Any CPU
		{684C49EE-E0FF-427D-BB86-0832ECC2AF98}.Release|iPhoneSimulator.Build.0 = Release|Any CPU
		{684C49EE-E0FF-427D-BB86-0832ECC2AF98}.Release|iPhoneSimulator.Deploy.0 = Release|Any CPU
		{684C49EE-E0FF-427D-BB86-0832ECC2AF98}.Release|x64.ActiveCfg = Release|Any CPU
		{684C49EE-E0FF-427D-BB86-0832ECC2AF98}.Release|x64.Build.0 = Release|Any CPU
		{684C49EE-E0FF-427D-BB86-0832ECC2AF98}.Release|x64.Deploy.0 = Release|Any CPU
		{684C49EE-E0FF-427D-BB86-0832ECC2AF98}.Release|x86.ActiveCfg = Release|Any CPU
		{684C49EE-E0FF-427D-BB86-0832ECC2AF98}.Release|x86.Build.0 = Release|Any CPU
		{684C49EE-E0FF-427D-BB86-0832ECC2AF98}.Release|x86.Deploy.0 = Release|Any CPU
		{3CAFE861-BB54-468F-9911-962A98FD0ED1}.Ad-Hoc|Any CPU.ActiveCfg = Ad-Hoc|iPhone
		{3CAFE861-BB54-468F-9911-962A98FD0ED1}.Ad-Hoc|ARM.ActiveCfg = Ad-Hoc|iPhone
		{3CAFE861-BB54-468F-9911-962A98FD0ED1}.Ad-Hoc|iPhone.ActiveCfg = Ad-Hoc|iPhone
		{3CAFE861-BB54-468F-9911-962A98FD0ED1}.Ad-Hoc|iPhone.Build.0 = Ad-Hoc|iPhone
		{3CAFE861-BB54-468F-9911-962A98FD0ED1}.Ad-Hoc|iPhoneSimulator.ActiveCfg = Ad-Hoc|iPhoneSimulator
		{3CAFE861-BB54-468F-9911-962A98FD0ED1}.Ad-Hoc|iPhoneSimulator.Build.0 = Ad-Hoc|iPhoneSimulator
		{3CAFE861-BB54-468F-9911-962A98FD0ED1}.Ad-Hoc|x64.ActiveCfg = Ad-Hoc|iPhone
		{3CAFE861-BB54-468F-9911-962A98FD0ED1}.Ad-Hoc|x86.ActiveCfg = Ad-Hoc|iPhone
		{3CAFE861-BB54-468F-9911-962A98FD0ED1}.AppStore|Any CPU.ActiveCfg = AppStore|iPhone
		{3CAFE861-BB54-468F-9911-962A98FD0ED1}.AppStore|ARM.ActiveCfg = AppStore|iPhone
		{3CAFE861-BB54-468F-9911-962A98FD0ED1}.AppStore|iPhone.ActiveCfg = AppStore|iPhone
		{3CAFE861-BB54-468F-9911-962A98FD0ED1}.AppStore|iPhone.Build.0 = AppStore|iPhone
		{3CAFE861-BB54-468F-9911-962A98FD0ED1}.AppStore|iPhoneSimulator.ActiveCfg = AppStore|iPhoneSimulator
		{3CAFE861-BB54-468F-9911-962A98FD0ED1}.AppStore|iPhoneSimulator.Build.0 = AppStore|iPhoneSimulator
		{3CAFE861-BB54-468F-9911-962A98FD0ED1}.AppStore|x64.ActiveCfg = AppStore|iPhone
		{3CAFE861-BB54-468F-9911-962A98FD0ED1}.AppStore|x86.ActiveCfg = AppStore|iPhone
		{3CAFE861-BB54-468F-9911-962A98FD0ED1}.Debug|Any CPU.ActiveCfg = Debug|iPhone
		{3CAFE861-BB54-468F-9911-962A98FD0ED1}.Debug|ARM.ActiveCfg = Debug|iPhone
		{3CAFE861-BB54-468F-9911-962A98FD0ED1}.Debug|iPhone.ActiveCfg = Debug|iPhone
		{3CAFE861-BB54-468F-9911-962A98FD0ED1}.Debug|iPhone.Build.0 = Debug|iPhone
		{3CAFE861-BB54-468F-9911-962A98FD0ED1}.Debug|iPhoneSimulator.ActiveCfg = Debug|iPhoneSimulator
		{3CAFE861-BB54-468F-9911-962A98FD0ED1}.Debug|iPhoneSimulator.Build.0 = Debug|iPhoneSimulator
		{3CAFE861-BB54-468F-9911-962A98FD0ED1}.Debug|x64.ActiveCfg = Debug|iPhone
		{3CAFE861-BB54-468F-9911-962A98FD0ED1}.Debug|x86.ActiveCfg = Debug|iPhone
		{3CAFE861-BB54-468F-9911-962A98FD0ED1}.Release|Any CPU.ActiveCfg = Release|iPhone
		{3CAFE861-BB54-468F-9911-962A98FD0ED1}.Release|ARM.ActiveCfg = Release|iPhone
		{3CAFE861-BB54-468F-9911-962A98FD0ED1}.Release|iPhone.ActiveCfg = Release|iPhone
		{3CAFE861-BB54-468F-9911-962A98FD0ED1}.Release|iPhone.Build.0 = Release|iPhone
		{3CAFE861-BB54-468F-9911-962A98FD0ED1}.Release|iPhoneSimulator.ActiveCfg = Release|iPhoneSimulator
		{3CAFE861-BB54-468F-9911-962A98FD0ED1}.Release|iPhoneSimulator.Build.0 = Release|iPhoneSimulator
		{3CAFE861-BB54-468F-9911-962A98FD0ED1}.Release|x64.ActiveCfg = Release|iPhone
		{3CAFE861-BB54-468F-9911-962A98FD0ED1}.Release|x86.ActiveCfg = Release|iPhone
		{4AA5AF60-E9C0-40CA-B41A-61A9CFF0719F}.Ad-Hoc|Any CPU.ActiveCfg = Release|x86
		{4AA5AF60-E9C0-40CA-B41A-61A9CFF0719F}.Ad-Hoc|Any CPU.Build.0 = Release|x86
		{4AA5AF60-E9C0-40CA-B41A-61A9CFF0719F}.Ad-Hoc|Any CPU.Deploy.0 = Release|x86
		{4AA5AF60-E9C0-40CA-B41A-61A9CFF0719F}.Ad-Hoc|ARM.ActiveCfg = Release|ARM
		{4AA5AF60-E9C0-40CA-B41A-61A9CFF0719F}.Ad-Hoc|ARM.Build.0 = Release|ARM
		{4AA5AF60-E9C0-40CA-B41A-61A9CFF0719F}.Ad-Hoc|ARM.Deploy.0 = Release|ARM
		{4AA5AF60-E9C0-40CA-B41A-61A9CFF0719F}.Ad-Hoc|iPhone.ActiveCfg = Release|x86
		{4AA5AF60-E9C0-40CA-B41A-61A9CFF0719F}.Ad-Hoc|iPhone.Build.0 = Release|x86
		{4AA5AF60-E9C0-40CA-B41A-61A9CFF0719F}.Ad-Hoc|iPhone.Deploy.0 = Release|x86
		{4AA5AF60-E9C0-40CA-B41A-61A9CFF0719F}.Ad-Hoc|iPhoneSimulator.ActiveCfg = Release|x86
		{4AA5AF60-E9C0-40CA-B41A-61A9CFF0719F}.Ad-Hoc|iPhoneSimulator.Build.0 = Release|x86
		{4AA5AF60-E9C0-40CA-B41A-61A9CFF0719F}.Ad-Hoc|iPhoneSimulator.Deploy.0 = Release|x86
		{4AA5AF60-E9C0-40CA-B41A-61A9CFF0719F}.Ad-Hoc|x64.ActiveCfg = Release|x64
		{4AA5AF60-E9C0-40CA-B41A-61A9CFF0719F}.Ad-Hoc|x64.Build.0 = Release|x64
		{4AA5AF60-E9C0-40CA-B41A-61A9CFF0719F}.Ad-Hoc|x64.Deploy.0 = Release|x64
		{4AA5AF60-E9C0-40CA-B41A-61A9CFF0719F}.Ad-Hoc|x86.ActiveCfg = Release|x86
		{4AA5AF60-E9C0-40CA-B41A-61A9CFF0719F}.Ad-Hoc|x86.Build.0 = Release|x86
		{4AA5AF60-E9C0-40CA-B41A-61A9CFF0719F}.Ad-Hoc|x86.Deploy.0 = Release|x86
		{4AA5AF60-E9C0-40CA-B41A-61A9CFF0719F}.AppStore|Any CPU.ActiveCfg = Release|x86
		{4AA5AF60-E9C0-40CA-B41A-61A9CFF0719F}.AppStore|Any CPU.Build.0 = Release|x86
		{4AA5AF60-E9C0-40CA-B41A-61A9CFF0719F}.AppStore|Any CPU.Deploy.0 = Release|x86
		{4AA5AF60-E9C0-40CA-B41A-61A9CFF0719F}.AppStore|ARM.ActiveCfg = Release|ARM
		{4AA5AF60-E9C0-40CA-B41A-61A9CFF0719F}.AppStore|ARM.Build.0 = Release|ARM
		{4AA5AF60-E9C0-40CA-B41A-61A9CFF0719F}.AppStore|ARM.Deploy.0 = Release|ARM
		{4AA5AF60-E9C0-40CA-B41A-61A9CFF0719F}.AppStore|iPhone.ActiveCfg = Release|x86
		{4AA5AF60-E9C0-40CA-B41A-61A9CFF0719F}.AppStore|iPhone.Build.0 = Release|x86
		{4AA5AF60-E9C0-40CA-B41A-61A9CFF0719F}.AppStore|iPhone.Deploy.0 = Release|x86
		{4AA5AF60-E9C0-40CA-B41A-61A9CFF0719F}.AppStore|iPhoneSimulator.ActiveCfg = Release|x86
		{4AA5AF60-E9C0-40CA-B41A-61A9CFF0719F}.AppStore|iPhoneSimulator.Build.0 = Release|x86
		{4AA5AF60-E9C0-40CA-B41A-61A9CFF0719F}.AppStore|iPhoneSimulator.Deploy.0 = Release|x86
		{4AA5AF60-E9C0-40CA-B41A-61A9CFF0719F}.AppStore|x64.ActiveCfg = Release|x64
		{4AA5AF60-E9C0-40CA-B41A-61A9CFF0719F}.AppStore|x64.Build.0 = Release|x64
		{4AA5AF60-E9C0-40CA-B41A-61A9CFF0719F}.AppStore|x64.Deploy.0 = Release|x64
		{4AA5AF60-E9C0-40CA-B41A-61A9CFF0719F}.AppStore|x86.ActiveCfg = Release|x86
		{4AA5AF60-E9C0-40CA-B41A-61A9CFF0719F}.AppStore|x86.Build.0 = Release|x86
		{4AA5AF60-E9C0-40CA-B41A-61A9CFF0719F}.AppStore|x86.Deploy.0 = Release|x86
		{4AA5AF60-E9C0-40CA-B41A-61A9CFF0719F}.Debug|Any CPU.ActiveCfg = Debug|x86
		{4AA5AF60-E9C0-40CA-B41A-61A9CFF0719F}.Debug|ARM.ActiveCfg = Debug|ARM
		{4AA5AF60-E9C0-40CA-B41A-61A9CFF0719F}.Debug|ARM.Build.0 = Debug|ARM
		{4AA5AF60-E9C0-40CA-B41A-61A9CFF0719F}.Debug|ARM.Deploy.0 = Debug|ARM
		{4AA5AF60-E9C0-40CA-B41A-61A9CFF0719F}.Debug|iPhone.ActiveCfg = Debug|x86
		{4AA5AF60-E9C0-40CA-B41A-61A9CFF0719F}.Debug|iPhoneSimulator.ActiveCfg = Debug|x86
		{4AA5AF60-E9C0-40CA-B41A-61A9CFF0719F}.Debug|x64.ActiveCfg = Debug|x64
		{4AA5AF60-E9C0-40CA-B41A-61A9CFF0719F}.Debug|x64.Build.0 = Debug|x64
		{4AA5AF60-E9C0-40CA-B41A-61A9CFF0719F}.Debug|x64.Deploy.0 = Debug|x64
		{4AA5AF60-E9C0-40CA-B41A-61A9CFF0719F}.Debug|x86.ActiveCfg = Debug|x86
		{4AA5AF60-E9C0-40CA-B41A-61A9CFF0719F}.Debug|x86.Build.0 = Debug|x86
		{4AA5AF60-E9C0-40CA-B41A-61A9CFF0719F}.Debug|x86.Deploy.0 = Debug|x86
		{4AA5AF60-E9C0-40CA-B41A-61A9CFF0719F}.Release|Any CPU.ActiveCfg = Release|x86
		{4AA5AF60-E9C0-40CA-B41A-61A9CFF0719F}.Release|ARM.ActiveCfg = Release|ARM
		{4AA5AF60-E9C0-40CA-B41A-61A9CFF0719F}.Release|ARM.Build.0 = Release|ARM
		{4AA5AF60-E9C0-40CA-B41A-61A9CFF0719F}.Release|ARM.Deploy.0 = Release|ARM
		{4AA5AF60-E9C0-40CA-B41A-61A9CFF0719F}.Release|iPhone.ActiveCfg = Release|x86
		{4AA5AF60-E9C0-40CA-B41A-61A9CFF0719F}.Release|iPhoneSimulator.ActiveCfg = Release|x86
		{4AA5AF60-E9C0-40CA-B41A-61A9CFF0719F}.Release|x64.ActiveCfg = Release|x64
		{4AA5AF60-E9C0-40CA-B41A-61A9CFF0719F}.Release|x64.Build.0 = Release|x64
		{4AA5AF60-E9C0-40CA-B41A-61A9CFF0719F}.Release|x64.Deploy.0 = Release|x64
		{4AA5AF60-E9C0-40CA-B41A-61A9CFF0719F}.Release|x86.ActiveCfg = Release|x86
		{4AA5AF60-E9C0-40CA-B41A-61A9CFF0719F}.Release|x86.Build.0 = Release|x86
		{4AA5AF60-E9C0-40CA-B41A-61A9CFF0719F}.Release|x86.Deploy.0 = Release|x86
		{F3A46572-7E16-4954-9781-D9502E4D4C82}.Ad-Hoc|Any CPU.ActiveCfg = Debug|Any CPU
		{F3A46572-7E16-4954-9781-D9502E4D4C82}.Ad-Hoc|Any CPU.Build.0 = Debug|Any CPU
		{F3A46572-7E16-4954-9781-D9502E4D4C82}.Ad-Hoc|ARM.ActiveCfg = Debug|Any CPU
		{F3A46572-7E16-4954-9781-D9502E4D4C82}.Ad-Hoc|ARM.Build.0 = Debug|Any CPU
		{F3A46572-7E16-4954-9781-D9502E4D4C82}.Ad-Hoc|iPhone.ActiveCfg = Debug|Any CPU
		{F3A46572-7E16-4954-9781-D9502E4D4C82}.Ad-Hoc|iPhone.Build.0 = Debug|Any CPU
		{F3A46572-7E16-4954-9781-D9502E4D4C82}.Ad-Hoc|iPhoneSimulator.ActiveCfg = Debug|Any CPU
		{F3A46572-7E16-4954-9781-D9502E4D4C82}.Ad-Hoc|iPhoneSimulator.Build.0 = Debug|Any CPU
		{F3A46572-7E16-4954-9781-D9502E4D4C82}.Ad-Hoc|x64.ActiveCfg = Debug|Any CPU
		{F3A46572-7E16-4954-9781-D9502E4D4C82}.Ad-Hoc|x64.Build.0 = Debug|Any CPU
		{F3A46572-7E16-4954-9781-D9502E4D4C82}.Ad-Hoc|x86.ActiveCfg = Debug|Any CPU
		{F3A46572-7E16-4954-9781-D9502E4D4C82}.Ad-Hoc|x86.Build.0 = Debug|Any CPU
		{F3A46572-7E16-4954-9781-D9502E4D4C82}.AppStore|Any CPU.ActiveCfg = Debug|Any CPU
		{F3A46572-7E16-4954-9781-D9502E4D4C82}.AppStore|Any CPU.Build.0 = Debug|Any CPU
		{F3A46572-7E16-4954-9781-D9502E4D4C82}.AppStore|ARM.ActiveCfg = Debug|Any CPU
		{F3A46572-7E16-4954-9781-D9502E4D4C82}.AppStore|ARM.Build.0 = Debug|Any CPU
		{F3A46572-7E16-4954-9781-D9502E4D4C82}.AppStore|iPhone.ActiveCfg = Debug|Any CPU
		{F3A46572-7E16-4954-9781-D9502E4D4C82}.AppStore|iPhone.Build.0 = Debug|Any CPU
		{F3A46572-7E16-4954-9781-D9502E4D4C82}.AppStore|iPhoneSimulator.ActiveCfg = Debug|Any CPU
		{F3A46572-7E16-4954-9781-D9502E4D4C82}.AppStore|iPhoneSimulator.Build.0 = Debug|Any CPU
		{F3A46572-7E16-4954-9781-D9502E4D4C82}.AppStore|x64.ActiveCfg = Debug|Any CPU
		{F3A46572-7E16-4954-9781-D9502E4D4C82}.AppStore|x64.Build.0 = Debug|Any CPU
		{F3A46572-7E16-4954-9781-D9502E4D4C82}.AppStore|x86.ActiveCfg = Debug|Any CPU
		{F3A46572-7E16-4954-9781-D9502E4D4C82}.AppStore|x86.Build.0 = Debug|Any CPU
		{F3A46572-7E16-4954-9781-D9502E4D4C82}.Debug|Any CPU.ActiveCfg = Debug|Any CPU
		{F3A46572-7E16-4954-9781-D9502E4D4C82}.Debug|Any CPU.Build.0 = Debug|Any CPU
		{F3A46572-7E16-4954-9781-D9502E4D4C82}.Debug|ARM.ActiveCfg = Debug|Any CPU
		{F3A46572-7E16-4954-9781-D9502E4D4C82}.Debug|ARM.Build.0 = Debug|Any CPU
		{F3A46572-7E16-4954-9781-D9502E4D4C82}.Debug|iPhone.ActiveCfg = Debug|Any CPU
		{F3A46572-7E16-4954-9781-D9502E4D4C82}.Debug|iPhone.Build.0 = Debug|Any CPU
		{F3A46572-7E16-4954-9781-D9502E4D4C82}.Debug|iPhoneSimulator.ActiveCfg = Debug|Any CPU
		{F3A46572-7E16-4954-9781-D9502E4D4C82}.Debug|iPhoneSimulator.Build.0 = Debug|Any CPU
		{F3A46572-7E16-4954-9781-D9502E4D4C82}.Debug|x64.ActiveCfg = Debug|Any CPU
		{F3A46572-7E16-4954-9781-D9502E4D4C82}.Debug|x64.Build.0 = Debug|Any CPU
		{F3A46572-7E16-4954-9781-D9502E4D4C82}.Debug|x86.ActiveCfg = Debug|Any CPU
		{F3A46572-7E16-4954-9781-D9502E4D4C82}.Debug|x86.Build.0 = Debug|Any CPU
		{F3A46572-7E16-4954-9781-D9502E4D4C82}.Release|Any CPU.ActiveCfg = Release|Any CPU
		{F3A46572-7E16-4954-9781-D9502E4D4C82}.Release|Any CPU.Build.0 = Release|Any CPU
		{F3A46572-7E16-4954-9781-D9502E4D4C82}.Release|ARM.ActiveCfg = Release|Any CPU
		{F3A46572-7E16-4954-9781-D9502E4D4C82}.Release|ARM.Build.0 = Release|Any CPU
		{F3A46572-7E16-4954-9781-D9502E4D4C82}.Release|iPhone.ActiveCfg = Release|Any CPU
		{F3A46572-7E16-4954-9781-D9502E4D4C82}.Release|iPhone.Build.0 = Release|Any CPU
		{F3A46572-7E16-4954-9781-D9502E4D4C82}.Release|iPhoneSimulator.ActiveCfg = Release|Any CPU
		{F3A46572-7E16-4954-9781-D9502E4D4C82}.Release|iPhoneSimulator.Build.0 = Release|Any CPU
		{F3A46572-7E16-4954-9781-D9502E4D4C82}.Release|x64.ActiveCfg = Release|Any CPU
		{F3A46572-7E16-4954-9781-D9502E4D4C82}.Release|x64.Build.0 = Release|Any CPU
		{F3A46572-7E16-4954-9781-D9502E4D4C82}.Release|x86.ActiveCfg = Release|Any CPU
		{F3A46572-7E16-4954-9781-D9502E4D4C82}.Release|x86.Build.0 = Release|Any CPU
		{F0E9293C-FBF1-404D-9632-3A73F10277DF}.Ad-Hoc|Any CPU.ActiveCfg = Debug|Any CPU
		{F0E9293C-FBF1-404D-9632-3A73F10277DF}.Ad-Hoc|Any CPU.Build.0 = Debug|Any CPU
		{F0E9293C-FBF1-404D-9632-3A73F10277DF}.Ad-Hoc|ARM.ActiveCfg = Debug|Any CPU
		{F0E9293C-FBF1-404D-9632-3A73F10277DF}.Ad-Hoc|ARM.Build.0 = Debug|Any CPU
		{F0E9293C-FBF1-404D-9632-3A73F10277DF}.Ad-Hoc|iPhone.ActiveCfg = Debug|Any CPU
		{F0E9293C-FBF1-404D-9632-3A73F10277DF}.Ad-Hoc|iPhone.Build.0 = Debug|Any CPU
		{F0E9293C-FBF1-404D-9632-3A73F10277DF}.Ad-Hoc|iPhoneSimulator.ActiveCfg = Debug|Any CPU
		{F0E9293C-FBF1-404D-9632-3A73F10277DF}.Ad-Hoc|iPhoneSimulator.Build.0 = Debug|Any CPU
		{F0E9293C-FBF1-404D-9632-3A73F10277DF}.Ad-Hoc|x64.ActiveCfg = Debug|Any CPU
		{F0E9293C-FBF1-404D-9632-3A73F10277DF}.Ad-Hoc|x64.Build.0 = Debug|Any CPU
		{F0E9293C-FBF1-404D-9632-3A73F10277DF}.Ad-Hoc|x86.ActiveCfg = Debug|Any CPU
		{F0E9293C-FBF1-404D-9632-3A73F10277DF}.Ad-Hoc|x86.Build.0 = Debug|Any CPU
		{F0E9293C-FBF1-404D-9632-3A73F10277DF}.AppStore|Any CPU.ActiveCfg = Debug|Any CPU
		{F0E9293C-FBF1-404D-9632-3A73F10277DF}.AppStore|Any CPU.Build.0 = Debug|Any CPU
		{F0E9293C-FBF1-404D-9632-3A73F10277DF}.AppStore|ARM.ActiveCfg = Debug|Any CPU
		{F0E9293C-FBF1-404D-9632-3A73F10277DF}.AppStore|ARM.Build.0 = Debug|Any CPU
		{F0E9293C-FBF1-404D-9632-3A73F10277DF}.AppStore|iPhone.ActiveCfg = Debug|Any CPU
		{F0E9293C-FBF1-404D-9632-3A73F10277DF}.AppStore|iPhone.Build.0 = Debug|Any CPU
		{F0E9293C-FBF1-404D-9632-3A73F10277DF}.AppStore|iPhoneSimulator.ActiveCfg = Debug|Any CPU
		{F0E9293C-FBF1-404D-9632-3A73F10277DF}.AppStore|iPhoneSimulator.Build.0 = Debug|Any CPU
		{F0E9293C-FBF1-404D-9632-3A73F10277DF}.AppStore|x64.ActiveCfg = Debug|Any CPU
		{F0E9293C-FBF1-404D-9632-3A73F10277DF}.AppStore|x64.Build.0 = Debug|Any CPU
		{F0E9293C-FBF1-404D-9632-3A73F10277DF}.AppStore|x86.ActiveCfg = Debug|Any CPU
		{F0E9293C-FBF1-404D-9632-3A73F10277DF}.AppStore|x86.Build.0 = Debug|Any CPU
		{F0E9293C-FBF1-404D-9632-3A73F10277DF}.Debug|Any CPU.ActiveCfg = Debug|Any CPU
		{F0E9293C-FBF1-404D-9632-3A73F10277DF}.Debug|Any CPU.Build.0 = Debug|Any CPU
		{F0E9293C-FBF1-404D-9632-3A73F10277DF}.Debug|ARM.ActiveCfg = Debug|Any CPU
		{F0E9293C-FBF1-404D-9632-3A73F10277DF}.Debug|ARM.Build.0 = Debug|Any CPU
		{F0E9293C-FBF1-404D-9632-3A73F10277DF}.Debug|iPhone.ActiveCfg = Debug|Any CPU
		{F0E9293C-FBF1-404D-9632-3A73F10277DF}.Debug|iPhone.Build.0 = Debug|Any CPU
		{F0E9293C-FBF1-404D-9632-3A73F10277DF}.Debug|iPhoneSimulator.ActiveCfg = Debug|Any CPU
		{F0E9293C-FBF1-404D-9632-3A73F10277DF}.Debug|iPhoneSimulator.Build.0 = Debug|Any CPU
		{F0E9293C-FBF1-404D-9632-3A73F10277DF}.Debug|x64.ActiveCfg = Debug|Any CPU
		{F0E9293C-FBF1-404D-9632-3A73F10277DF}.Debug|x64.Build.0 = Debug|Any CPU
		{F0E9293C-FBF1-404D-9632-3A73F10277DF}.Debug|x86.ActiveCfg = Debug|Any CPU
		{F0E9293C-FBF1-404D-9632-3A73F10277DF}.Debug|x86.Build.0 = Debug|Any CPU
		{F0E9293C-FBF1-404D-9632-3A73F10277DF}.Release|Any CPU.ActiveCfg = Release|Any CPU
		{F0E9293C-FBF1-404D-9632-3A73F10277DF}.Release|Any CPU.Build.0 = Release|Any CPU
		{F0E9293C-FBF1-404D-9632-3A73F10277DF}.Release|ARM.ActiveCfg = Release|Any CPU
		{F0E9293C-FBF1-404D-9632-3A73F10277DF}.Release|ARM.Build.0 = Release|Any CPU
		{F0E9293C-FBF1-404D-9632-3A73F10277DF}.Release|iPhone.ActiveCfg = Release|Any CPU
		{F0E9293C-FBF1-404D-9632-3A73F10277DF}.Release|iPhone.Build.0 = Release|Any CPU
		{F0E9293C-FBF1-404D-9632-3A73F10277DF}.Release|iPhoneSimulator.ActiveCfg = Release|Any CPU
		{F0E9293C-FBF1-404D-9632-3A73F10277DF}.Release|iPhoneSimulator.Build.0 = Release|Any CPU
		{F0E9293C-FBF1-404D-9632-3A73F10277DF}.Release|x64.ActiveCfg = Release|Any CPU
		{F0E9293C-FBF1-404D-9632-3A73F10277DF}.Release|x64.Build.0 = Release|Any CPU
		{F0E9293C-FBF1-404D-9632-3A73F10277DF}.Release|x86.ActiveCfg = Release|Any CPU
		{F0E9293C-FBF1-404D-9632-3A73F10277DF}.Release|x86.Build.0 = Release|Any CPU
		{B423D685-4D9B-4865-9A47-FF031410EF71}.Ad-Hoc|Any CPU.ActiveCfg = Debug|Any CPU
		{B423D685-4D9B-4865-9A47-FF031410EF71}.Ad-Hoc|Any CPU.Build.0 = Debug|Any CPU
		{B423D685-4D9B-4865-9A47-FF031410EF71}.Ad-Hoc|ARM.ActiveCfg = Debug|Any CPU
		{B423D685-4D9B-4865-9A47-FF031410EF71}.Ad-Hoc|ARM.Build.0 = Debug|Any CPU
		{B423D685-4D9B-4865-9A47-FF031410EF71}.Ad-Hoc|iPhone.ActiveCfg = Debug|Any CPU
		{B423D685-4D9B-4865-9A47-FF031410EF71}.Ad-Hoc|iPhone.Build.0 = Debug|Any CPU
		{B423D685-4D9B-4865-9A47-FF031410EF71}.Ad-Hoc|iPhoneSimulator.ActiveCfg = Debug|Any CPU
		{B423D685-4D9B-4865-9A47-FF031410EF71}.Ad-Hoc|iPhoneSimulator.Build.0 = Debug|Any CPU
		{B423D685-4D9B-4865-9A47-FF031410EF71}.Ad-Hoc|x64.ActiveCfg = Debug|Any CPU
		{B423D685-4D9B-4865-9A47-FF031410EF71}.Ad-Hoc|x64.Build.0 = Debug|Any CPU
		{B423D685-4D9B-4865-9A47-FF031410EF71}.Ad-Hoc|x86.ActiveCfg = Debug|Any CPU
		{B423D685-4D9B-4865-9A47-FF031410EF71}.Ad-Hoc|x86.Build.0 = Debug|Any CPU
		{B423D685-4D9B-4865-9A47-FF031410EF71}.AppStore|Any CPU.ActiveCfg = Debug|Any CPU
		{B423D685-4D9B-4865-9A47-FF031410EF71}.AppStore|Any CPU.Build.0 = Debug|Any CPU
		{B423D685-4D9B-4865-9A47-FF031410EF71}.AppStore|ARM.ActiveCfg = Debug|Any CPU
		{B423D685-4D9B-4865-9A47-FF031410EF71}.AppStore|ARM.Build.0 = Debug|Any CPU
		{B423D685-4D9B-4865-9A47-FF031410EF71}.AppStore|iPhone.ActiveCfg = Debug|Any CPU
		{B423D685-4D9B-4865-9A47-FF031410EF71}.AppStore|iPhone.Build.0 = Debug|Any CPU
		{B423D685-4D9B-4865-9A47-FF031410EF71}.AppStore|iPhoneSimulator.ActiveCfg = Debug|Any CPU
		{B423D685-4D9B-4865-9A47-FF031410EF71}.AppStore|iPhoneSimulator.Build.0 = Debug|Any CPU
		{B423D685-4D9B-4865-9A47-FF031410EF71}.AppStore|x64.ActiveCfg = Debug|Any CPU
		{B423D685-4D9B-4865-9A47-FF031410EF71}.AppStore|x64.Build.0 = Debug|Any CPU
		{B423D685-4D9B-4865-9A47-FF031410EF71}.AppStore|x86.ActiveCfg = Debug|Any CPU
		{B423D685-4D9B-4865-9A47-FF031410EF71}.AppStore|x86.Build.0 = Debug|Any CPU
		{B423D685-4D9B-4865-9A47-FF031410EF71}.Debug|Any CPU.ActiveCfg = Debug|Any CPU
		{B423D685-4D9B-4865-9A47-FF031410EF71}.Debug|Any CPU.Build.0 = Debug|Any CPU
		{B423D685-4D9B-4865-9A47-FF031410EF71}.Debug|ARM.ActiveCfg = Debug|Any CPU
		{B423D685-4D9B-4865-9A47-FF031410EF71}.Debug|ARM.Build.0 = Debug|Any CPU
		{B423D685-4D9B-4865-9A47-FF031410EF71}.Debug|iPhone.ActiveCfg = Debug|Any CPU
		{B423D685-4D9B-4865-9A47-FF031410EF71}.Debug|iPhone.Build.0 = Debug|Any CPU
		{B423D685-4D9B-4865-9A47-FF031410EF71}.Debug|iPhoneSimulator.ActiveCfg = Debug|Any CPU
		{B423D685-4D9B-4865-9A47-FF031410EF71}.Debug|iPhoneSimulator.Build.0 = Debug|Any CPU
		{B423D685-4D9B-4865-9A47-FF031410EF71}.Debug|x64.ActiveCfg = Debug|Any CPU
		{B423D685-4D9B-4865-9A47-FF031410EF71}.Debug|x64.Build.0 = Debug|Any CPU
		{B423D685-4D9B-4865-9A47-FF031410EF71}.Debug|x86.ActiveCfg = Debug|Any CPU
		{B423D685-4D9B-4865-9A47-FF031410EF71}.Debug|x86.Build.0 = Debug|Any CPU
		{B423D685-4D9B-4865-9A47-FF031410EF71}.Release|Any CPU.ActiveCfg = Release|Any CPU
		{B423D685-4D9B-4865-9A47-FF031410EF71}.Release|Any CPU.Build.0 = Release|Any CPU
		{B423D685-4D9B-4865-9A47-FF031410EF71}.Release|ARM.ActiveCfg = Release|Any CPU
		{B423D685-4D9B-4865-9A47-FF031410EF71}.Release|ARM.Build.0 = Release|Any CPU
		{B423D685-4D9B-4865-9A47-FF031410EF71}.Release|iPhone.ActiveCfg = Release|Any CPU
		{B423D685-4D9B-4865-9A47-FF031410EF71}.Release|iPhone.Build.0 = Release|Any CPU
		{B423D685-4D9B-4865-9A47-FF031410EF71}.Release|iPhoneSimulator.ActiveCfg = Release|Any CPU
		{B423D685-4D9B-4865-9A47-FF031410EF71}.Release|iPhoneSimulator.Build.0 = Release|Any CPU
		{B423D685-4D9B-4865-9A47-FF031410EF71}.Release|x64.ActiveCfg = Release|Any CPU
		{B423D685-4D9B-4865-9A47-FF031410EF71}.Release|x64.Build.0 = Release|Any CPU
		{B423D685-4D9B-4865-9A47-FF031410EF71}.Release|x86.ActiveCfg = Release|Any CPU
		{B423D685-4D9B-4865-9A47-FF031410EF71}.Release|x86.Build.0 = Release|Any CPU
	EndGlobalSection
	GlobalSection(SolutionProperties) = preSolution
		HideSolutionNode = FALSE
	EndGlobalSection
	GlobalSection(NestedProjects) = preSolution
		{F3A46572-7E16-4954-9781-D9502E4D4C82} = {CC802D92-38E7-4D3D-B68F-0596EB6EFB53}
		{F0E9293C-FBF1-404D-9632-3A73F10277DF} = {448ED320-21C0-4B42-842C-16E21A6F39DE}
		{B423D685-4D9B-4865-9A47-FF031410EF71} = {59EE3516-9F4A-4FBB-8DB5-B1AC7234EAA2}
	EndGlobalSection
	GlobalSection(ExtensibilityGlobals) = postSolution
		SolutionGuid = {E5D49C4C-656C-46D5-87E3-FA692D11E593}
	EndGlobalSection
EndGlobal
